
Microsoft Visual Studio Solution File, Format Version 12.00
# Visual Studio Version 16
VisualStudioVersion = 16.0.31727.386
MinimumVisualStudioVersion = 10.0.40219.1
Project("{FAE04EC0-301F-11D3-BF4B-00C04F79EFBC}") = "14장_ExpressionTreeViaLambda_503page", "14장_ExpressionTreeViaLambda_503page\14장_ExpressionTreeViaLambda_503page.csproj", "{0DB3CA73-EC6B-428E-B205-1FD59331484F}"
EndProject
Global
	GlobalSection(SolutionConfigurationPlatforms) = preSolution
		Debug|Any CPU = Debug|Any CPU
		Release|Any CPU = Release|Any CPU
	EndGlobalSection
	GlobalSection(ProjectConfigurationPlatforms) = postSolution
		{0DB3CA73-EC6B-428E-B205-1FD59331484F}.Debug|Any CPU.ActiveCfg = Debug|Any CPU
		{0DB3CA73-EC6B-428E-B205-1FD59331484F}.Debug|Any CPU.Build.0 = Debug|Any CPU
		{0DB3CA73-EC6B-428E-B205-1FD59331484F}.Release|Any CPU.ActiveCfg = Release|Any CPU
		{0DB3CA73-EC6B-428E-B205-1FD59331484F}.Release|Any CPU.Build.0 = Release|Any CPU
	EndGlobalSection
	GlobalSection(SolutionProperties) = preSolution
		HideSolutionNode = FALSE
	EndGlobalSection
	GlobalSection(ExtensibilityGlobals) = postSolution
		SolutionGuid = {AE6F0C3F-3DE7-4B4F-95A7-86CB5AB1C5DC}
	EndGlobalSection
EndGlobal
