
Microsoft Visual Studio Solution File, Format Version 12.00
# Visual Studio Version 16
VisualStudioVersion = 16.0.31727.386
MinimumVisualStudioVersion = 10.0.40219.1
Project("{FAE04EC0-301F-11D3-BF4B-00C04F79EFBC}") = "3장_Decimal_60page", "3장_Decimal_60page\3장_Decimal_60page.csproj", "{44B3E06A-73C2-48FE-B5BD-4B3512847652}"
EndProject
Global
	GlobalSection(SolutionConfigurationPlatforms) = preSolution
		Debug|Any CPU = Debug|Any CPU
		Release|Any CPU = Release|Any CPU
	EndGlobalSection
	GlobalSection(ProjectConfigurationPlatforms) = postSolution
		{44B3E06A-73C2-48FE-B5BD-4B3512847652}.Debug|Any CPU.ActiveCfg = Debug|Any CPU
		{44B3E06A-73C2-48FE-B5BD-4B3512847652}.Debug|Any CPU.Build.0 = Debug|Any CPU
		{44B3E06A-73C2-48FE-B5BD-4B3512847652}.Release|Any CPU.ActiveCfg = Release|Any CPU
		{44B3E06A-73C2-48FE-B5BD-4B3512847652}.Release|Any CPU.Build.0 = Release|Any CPU
	EndGlobalSection
	GlobalSection(SolutionProperties) = preSolution
		HideSolutionNode = FALSE
	EndGlobalSection
	GlobalSection(ExtensibilityGlobals) = postSolution
		SolutionGuid = {B70C10C5-7A82-45E1-88E0-27FE9A96AC7F}
	EndGlobalSection
EndGlobal
