
Microsoft Visual Studio Solution File, Format Version 12.00
# Visual Studio Version 16
VisualStudioVersion = 16.0.31727.386
MinimumVisualStudioVersion = 10.0.40219.1
Project("{FAE04EC0-301F-11D3-BF4B-00C04F79EFBC}") = "7장_ReadonlyMethod_286page", "7장_ReadonlyMethod_286page\7장_ReadonlyMethod_286page.csproj", "{01D04CF7-BC29-440C-9E8D-E8BE3838582C}"
EndProject
Global
	GlobalSection(SolutionConfigurationPlatforms) = preSolution
		Debug|Any CPU = Debug|Any CPU
		Release|Any CPU = Release|Any CPU
	EndGlobalSection
	GlobalSection(ProjectConfigurationPlatforms) = postSolution
		{01D04CF7-BC29-440C-9E8D-E8BE3838582C}.Debug|Any CPU.ActiveCfg = Debug|Any CPU
		{01D04CF7-BC29-440C-9E8D-E8BE3838582C}.Debug|Any CPU.Build.0 = Debug|Any CPU
		{01D04CF7-BC29-440C-9E8D-E8BE3838582C}.Release|Any CPU.ActiveCfg = Release|Any CPU
		{01D04CF7-BC29-440C-9E8D-E8BE3838582C}.Release|Any CPU.Build.0 = Release|Any CPU
	EndGlobalSection
	GlobalSection(SolutionProperties) = preSolution
		HideSolutionNode = FALSE
	EndGlobalSection
	GlobalSection(ExtensibilityGlobals) = postSolution
		SolutionGuid = {49E424F4-783E-4A7A-BF5C-39FFF9FA4181}
	EndGlobalSection
EndGlobal
