
Microsoft Visual Studio Solution File, Format Version 12.00
# Visual Studio Version 16
VisualStudioVersion = 16.0.31727.386
MinimumVisualStudioVersion = 10.0.40219.1
Project("{FAE04EC0-301F-11D3-BF4B-00C04F79EFBC}") = "10장_ArraySample2_361page", "10장_ArraySample2_361page\10장_ArraySample2_361page.csproj", "{DB2391D0-AB8D-4EDF-AC46-1AD9458AB4A7}"
EndProject
Global
	GlobalSection(SolutionConfigurationPlatforms) = preSolution
		Debug|Any CPU = Debug|Any CPU
		Release|Any CPU = Release|Any CPU
	EndGlobalSection
	GlobalSection(ProjectConfigurationPlatforms) = postSolution
		{DB2391D0-AB8D-4EDF-AC46-1AD9458AB4A7}.Debug|Any CPU.ActiveCfg = Debug|Any CPU
		{DB2391D0-AB8D-4EDF-AC46-1AD9458AB4A7}.Debug|Any CPU.Build.0 = Debug|Any CPU
		{DB2391D0-AB8D-4EDF-AC46-1AD9458AB4A7}.Release|Any CPU.ActiveCfg = Release|Any CPU
		{DB2391D0-AB8D-4EDF-AC46-1AD9458AB4A7}.Release|Any CPU.Build.0 = Release|Any CPU
	EndGlobalSection
	GlobalSection(SolutionProperties) = preSolution
		HideSolutionNode = FALSE
	EndGlobalSection
	GlobalSection(ExtensibilityGlobals) = postSolution
		SolutionGuid = {34EBA7B7-B261-4868-9233-DE2F3444A855}
	EndGlobalSection
EndGlobal
