
Microsoft Visual Studio Solution File, Format Version 12.00
# Visual Studio Version 16
VisualStudioVersion = 16.0.31727.386
MinimumVisualStudioVersion = 10.0.40219.1
Project("{FAE04EC0-301F-11D3-BF4B-00C04F79EFBC}") = "3장_String_63page", "3장_String_63page\3장_String_63page.csproj", "{4D45C707-083B-4511-86C8-5C88CEFFA5BE}"
EndProject
Global
	GlobalSection(SolutionConfigurationPlatforms) = preSolution
		Debug|Any CPU = Debug|Any CPU
		Release|Any CPU = Release|Any CPU
	EndGlobalSection
	GlobalSection(ProjectConfigurationPlatforms) = postSolution
		{4D45C707-083B-4511-86C8-5C88CEFFA5BE}.Debug|Any CPU.ActiveCfg = Debug|Any CPU
		{4D45C707-083B-4511-86C8-5C88CEFFA5BE}.Debug|Any CPU.Build.0 = Debug|Any CPU
		{4D45C707-083B-4511-86C8-5C88CEFFA5BE}.Release|Any CPU.ActiveCfg = Release|Any CPU
		{4D45C707-083B-4511-86C8-5C88CEFFA5BE}.Release|Any CPU.Build.0 = Release|Any CPU
	EndGlobalSection
	GlobalSection(SolutionProperties) = preSolution
		HideSolutionNode = FALSE
	EndGlobalSection
	GlobalSection(ExtensibilityGlobals) = postSolution
		SolutionGuid = {1B1A4CD4-E7D4-4381-B4DB-23BF6A4C2993}
	EndGlobalSection
EndGlobal
