
Microsoft Visual Studio Solution File, Format Version 12.00
# Visual Studio Version 16
VisualStudioVersion = 16.0.31727.386
MinimumVisualStudioVersion = 10.0.40219.1
Project("{FAE04EC0-301F-11D3-BF4B-00C04F79EFBC}") = "10장_UsingStack_378page", "10장_UsingStack_378page\10장_UsingStack_378page.csproj", "{03195E50-FA0B-4888-B864-60F2F2E6848A}"
EndProject
Global
	GlobalSection(SolutionConfigurationPlatforms) = preSolution
		Debug|Any CPU = Debug|Any CPU
		Release|Any CPU = Release|Any CPU
	EndGlobalSection
	GlobalSection(ProjectConfigurationPlatforms) = postSolution
		{03195E50-FA0B-4888-B864-60F2F2E6848A}.Debug|Any CPU.ActiveCfg = Debug|Any CPU
		{03195E50-FA0B-4888-B864-60F2F2E6848A}.Debug|Any CPU.Build.0 = Debug|Any CPU
		{03195E50-FA0B-4888-B864-60F2F2E6848A}.Release|Any CPU.ActiveCfg = Release|Any CPU
		{03195E50-FA0B-4888-B864-60F2F2E6848A}.Release|Any CPU.Build.0 = Release|Any CPU
	EndGlobalSection
	GlobalSection(SolutionProperties) = preSolution
		HideSolutionNode = FALSE
	EndGlobalSection
	GlobalSection(ExtensibilityGlobals) = postSolution
		SolutionGuid = {CB8BDB1C-184C-41CB-81BE-ACED50CC767E}
	EndGlobalSection
EndGlobal
