
Microsoft Visual Studio Solution File, Format Version 12.00
# Visual Studio Version 16
VisualStudioVersion = 16.0.31727.386
MinimumVisualStudioVersion = 10.0.40219.1
Project("{FAE04EC0-301F-11D3-BF4B-00C04F79EFBC}") = "20장_FormBackground_719page", "20장_FormBackground_719page\20장_FormBackground_719page.csproj", "{F5D3D451-B302-402C-A97E-8FA2CBBB1CD8}"
EndProject
Global
	GlobalSection(SolutionConfigurationPlatforms) = preSolution
		Debug|Any CPU = Debug|Any CPU
		Release|Any CPU = Release|Any CPU
	EndGlobalSection
	GlobalSection(ProjectConfigurationPlatforms) = postSolution
		{F5D3D451-B302-402C-A97E-8FA2CBBB1CD8}.Debug|Any CPU.ActiveCfg = Debug|Any CPU
		{F5D3D451-B302-402C-A97E-8FA2CBBB1CD8}.Debug|Any CPU.Build.0 = Debug|Any CPU
		{F5D3D451-B302-402C-A97E-8FA2CBBB1CD8}.Release|Any CPU.ActiveCfg = Release|Any CPU
		{F5D3D451-B302-402C-A97E-8FA2CBBB1CD8}.Release|Any CPU.Build.0 = Release|Any CPU
	EndGlobalSection
	GlobalSection(SolutionProperties) = preSolution
		HideSolutionNode = FALSE
	EndGlobalSection
	GlobalSection(ExtensibilityGlobals) = postSolution
		SolutionGuid = {776ACBA0-3F7E-4E38-B496-6EC32D7A94B1}
	EndGlobalSection
EndGlobal
