
Microsoft Visual Studio Solution File, Format Version 12.00
# Visual Studio Version 16
VisualStudioVersion = 16.0.31727.386
MinimumVisualStudioVersion = 10.0.40219.1
Project("{FAE04EC0-301F-11D3-BF4B-00C04F79EFBC}") = "20장_FormEvent_714page", "20장_FormEvent_714page\20장_FormEvent_714page.csproj", "{24A7F737-CCA2-4099-B82F-1B6A3DE1EB33}"
EndProject
Global
	GlobalSection(SolutionConfigurationPlatforms) = preSolution
		Debug|Any CPU = Debug|Any CPU
		Release|Any CPU = Release|Any CPU
	EndGlobalSection
	GlobalSection(ProjectConfigurationPlatforms) = postSolution
		{24A7F737-CCA2-4099-B82F-1B6A3DE1EB33}.Debug|Any CPU.ActiveCfg = Debug|Any CPU
		{24A7F737-CCA2-4099-B82F-1B6A3DE1EB33}.Debug|Any CPU.Build.0 = Debug|Any CPU
		{24A7F737-CCA2-4099-B82F-1B6A3DE1EB33}.Release|Any CPU.ActiveCfg = Release|Any CPU
		{24A7F737-CCA2-4099-B82F-1B6A3DE1EB33}.Release|Any CPU.Build.0 = Release|Any CPU
	EndGlobalSection
	GlobalSection(SolutionProperties) = preSolution
		HideSolutionNode = FALSE
	EndGlobalSection
	GlobalSection(ExtensibilityGlobals) = postSolution
		SolutionGuid = {ED07C106-46FD-4050-85DA-91B365E03AE6}
	EndGlobalSection
EndGlobal
