
Microsoft Visual Studio Solution File, Format Version 12.00
# Visual Studio Version 16
VisualStudioVersion = 16.0.31727.386
MinimumVisualStudioVersion = 10.0.40219.1
Project("{FAE04EC0-301F-11D3-BF4B-00C04F79EFBC}") = "16장_CallerInfo_571page", "16장_CallerInfo_571page\16장_CallerInfo_571page.csproj", "{8F43BEAE-EB19-4406-B4FA-6823825EAF45}"
EndProject
Global
	GlobalSection(SolutionConfigurationPlatforms) = preSolution
		Debug|Any CPU = Debug|Any CPU
		Release|Any CPU = Release|Any CPU
	EndGlobalSection
	GlobalSection(ProjectConfigurationPlatforms) = postSolution
		{8F43BEAE-EB19-4406-B4FA-6823825EAF45}.Debug|Any CPU.ActiveCfg = Debug|Any CPU
		{8F43BEAE-EB19-4406-B4FA-6823825EAF45}.Debug|Any CPU.Build.0 = Debug|Any CPU
		{8F43BEAE-EB19-4406-B4FA-6823825EAF45}.Release|Any CPU.ActiveCfg = Release|Any CPU
		{8F43BEAE-EB19-4406-B4FA-6823825EAF45}.Release|Any CPU.Build.0 = Release|Any CPU
	EndGlobalSection
	GlobalSection(SolutionProperties) = preSolution
		HideSolutionNode = FALSE
	EndGlobalSection
	GlobalSection(ExtensibilityGlobals) = postSolution
		SolutionGuid = {0E0FF842-0810-4885-9CB6-141E59474DE8}
	EndGlobalSection
EndGlobal
