
Microsoft Visual Studio Solution File, Format Version 12.00
# Visual Studio Version 16
VisualStudioVersion = 16.0.31727.386
MinimumVisualStudioVersion = 10.0.40219.1
Project("{FAE04EC0-301F-11D3-BF4B-00C04F79EFBC}") = "연습문제1_182page", "연습문제1_182page\연습문제1_182page.csproj", "{F87624AF-8E32-455D-AB84-651C6C40DD28}"
EndProject
Global
	GlobalSection(SolutionConfigurationPlatforms) = preSolution
		Debug|Any CPU = Debug|Any CPU
		Release|Any CPU = Release|Any CPU
	EndGlobalSection
	GlobalSection(ProjectConfigurationPlatforms) = postSolution
		{F87624AF-8E32-455D-AB84-651C6C40DD28}.Debug|Any CPU.ActiveCfg = Debug|Any CPU
		{F87624AF-8E32-455D-AB84-651C6C40DD28}.Debug|Any CPU.Build.0 = Debug|Any CPU
		{F87624AF-8E32-455D-AB84-651C6C40DD28}.Release|Any CPU.ActiveCfg = Release|Any CPU
		{F87624AF-8E32-455D-AB84-651C6C40DD28}.Release|Any CPU.Build.0 = Release|Any CPU
	EndGlobalSection
	GlobalSection(SolutionProperties) = preSolution
		HideSolutionNode = FALSE
	EndGlobalSection
	GlobalSection(ExtensibilityGlobals) = postSolution
		SolutionGuid = {514A11EF-2319-4CC4-94AA-BD0AD162799B}
	EndGlobalSection
EndGlobal
