
Microsoft Visual Studio Solution File, Format Version 12.00
# Visual Studio Version 16
VisualStudioVersion = 16.0.31727.386
MinimumVisualStudioVersion = 10.0.40219.1
Project("{FAE04EC0-301F-11D3-BF4B-00C04F79EFBC}") = "18장_UinsgDeclaration_624page", "18장_UinsgDeclaration_624page\18장_UinsgDeclaration_624page.csproj", "{1BB1A585-C7F4-45EC-A87A-F47AB0FE1C92}"
EndProject
Global
	GlobalSection(SolutionConfigurationPlatforms) = preSolution
		Debug|Any CPU = Debug|Any CPU
		Release|Any CPU = Release|Any CPU
	EndGlobalSection
	GlobalSection(ProjectConfigurationPlatforms) = postSolution
		{1BB1A585-C7F4-45EC-A87A-F47AB0FE1C92}.Debug|Any CPU.ActiveCfg = Debug|Any CPU
		{1BB1A585-C7F4-45EC-A87A-F47AB0FE1C92}.Debug|Any CPU.Build.0 = Debug|Any CPU
		{1BB1A585-C7F4-45EC-A87A-F47AB0FE1C92}.Release|Any CPU.ActiveCfg = Release|Any CPU
		{1BB1A585-C7F4-45EC-A87A-F47AB0FE1C92}.Release|Any CPU.Build.0 = Release|Any CPU
	EndGlobalSection
	GlobalSection(SolutionProperties) = preSolution
		HideSolutionNode = FALSE
	EndGlobalSection
	GlobalSection(ExtensibilityGlobals) = postSolution
		SolutionGuid = {0498D00D-7401-4FB1-9417-E20DD360872C}
	EndGlobalSection
EndGlobal
