
Microsoft Visual Studio Solution File, Format Version 12.00
# Visual Studio Version 16
VisualStudioVersion = 16.0.31727.386
MinimumVisualStudioVersion = 10.0.40219.1
Project("{FAE04EC0-301F-11D3-BF4B-00C04F79EFBC}") = "3장_Overflow_55page", "3장_Overflow_55page\3장_Overflow_55page.csproj", "{75F86B45-9E64-49A3-BF2A-91569CEEC79B}"
EndProject
Global
	GlobalSection(SolutionConfigurationPlatforms) = preSolution
		Debug|Any CPU = Debug|Any CPU
		Release|Any CPU = Release|Any CPU
	EndGlobalSection
	GlobalSection(ProjectConfigurationPlatforms) = postSolution
		{75F86B45-9E64-49A3-BF2A-91569CEEC79B}.Debug|Any CPU.ActiveCfg = Debug|Any CPU
		{75F86B45-9E64-49A3-BF2A-91569CEEC79B}.Debug|Any CPU.Build.0 = Debug|Any CPU
		{75F86B45-9E64-49A3-BF2A-91569CEEC79B}.Release|Any CPU.ActiveCfg = Release|Any CPU
		{75F86B45-9E64-49A3-BF2A-91569CEEC79B}.Release|Any CPU.Build.0 = Release|Any CPU
	EndGlobalSection
	GlobalSection(SolutionProperties) = preSolution
		HideSolutionNode = FALSE
	EndGlobalSection
	GlobalSection(ExtensibilityGlobals) = postSolution
		SolutionGuid = {23F7A459-8322-43D8-8F72-10810E51CE07}
	EndGlobalSection
EndGlobal
