
Microsoft Visual Studio Solution File, Format Version 12.00
# Visual Studio Version 16
VisualStudioVersion = 16.0.31727.386
MinimumVisualStudioVersion = 10.0.40219.1
Project("{FAE04EC0-301F-11D3-BF4B-00C04F79EFBC}") = "3장_Bool_65page", "3장_Bool_65page\3장_Bool_65page.csproj", "{E1C355B7-A498-4EB8-9E86-FB24080100A2}"
EndProject
Global
	GlobalSection(SolutionConfigurationPlatforms) = preSolution
		Debug|Any CPU = Debug|Any CPU
		Release|Any CPU = Release|Any CPU
	EndGlobalSection
	GlobalSection(ProjectConfigurationPlatforms) = postSolution
		{E1C355B7-A498-4EB8-9E86-FB24080100A2}.Debug|Any CPU.ActiveCfg = Debug|Any CPU
		{E1C355B7-A498-4EB8-9E86-FB24080100A2}.Debug|Any CPU.Build.0 = Debug|Any CPU
		{E1C355B7-A498-4EB8-9E86-FB24080100A2}.Release|Any CPU.ActiveCfg = Release|Any CPU
		{E1C355B7-A498-4EB8-9E86-FB24080100A2}.Release|Any CPU.Build.0 = Release|Any CPU
	EndGlobalSection
	GlobalSection(SolutionProperties) = preSolution
		HideSolutionNode = FALSE
	EndGlobalSection
	GlobalSection(ExtensibilityGlobals) = postSolution
		SolutionGuid = {F0290535-93F2-47F8-AD0E-0CE2EFAD9B97}
	EndGlobalSection
EndGlobal
