
Microsoft Visual Studio Solution File, Format Version 12.00
# Visual Studio Version 16
VisualStudioVersion = 16.0.31727.386
MinimumVisualStudioVersion = 10.0.40219.1
Project("{FAE04EC0-301F-11D3-BF4B-00C04F79EFBC}") = "18장_SeqNRand_620page", "18장_SeqNRand_620page\18장_SeqNRand_620page.csproj", "{2D149015-3465-4FC4-A86E-6B273DA14D0D}"
EndProject
Global
	GlobalSection(SolutionConfigurationPlatforms) = preSolution
		Debug|Any CPU = Debug|Any CPU
		Release|Any CPU = Release|Any CPU
	EndGlobalSection
	GlobalSection(ProjectConfigurationPlatforms) = postSolution
		{2D149015-3465-4FC4-A86E-6B273DA14D0D}.Debug|Any CPU.ActiveCfg = Debug|Any CPU
		{2D149015-3465-4FC4-A86E-6B273DA14D0D}.Debug|Any CPU.Build.0 = Debug|Any CPU
		{2D149015-3465-4FC4-A86E-6B273DA14D0D}.Release|Any CPU.ActiveCfg = Release|Any CPU
		{2D149015-3465-4FC4-A86E-6B273DA14D0D}.Release|Any CPU.Build.0 = Release|Any CPU
	EndGlobalSection
	GlobalSection(SolutionProperties) = preSolution
		HideSolutionNode = FALSE
	EndGlobalSection
	GlobalSection(ExtensibilityGlobals) = postSolution
		SolutionGuid = {B14A6E72-D517-43AB-9B32-2C27EDECE3A3}
	EndGlobalSection
EndGlobal
