
Microsoft Visual Studio Solution File, Format Version 12.00
# Visual Studio Version 16
VisualStudioVersion = 16.0.31727.386
MinimumVisualStudioVersion = 10.0.40219.1
Project("{FAE04EC0-301F-11D3-BF4B-00C04F79EFBC}") = "9장_InitOnly_336page", "9장_InitOnly_336page\9장_InitOnly_336page.csproj", "{6EEEBF26-D2B6-4B6C-9618-19E1B529999A}"
EndProject
Global
	GlobalSection(SolutionConfigurationPlatforms) = preSolution
		Debug|Any CPU = Debug|Any CPU
		Release|Any CPU = Release|Any CPU
	EndGlobalSection
	GlobalSection(ProjectConfigurationPlatforms) = postSolution
		{6EEEBF26-D2B6-4B6C-9618-19E1B529999A}.Debug|Any CPU.ActiveCfg = Debug|Any CPU
		{6EEEBF26-D2B6-4B6C-9618-19E1B529999A}.Debug|Any CPU.Build.0 = Debug|Any CPU
		{6EEEBF26-D2B6-4B6C-9618-19E1B529999A}.Release|Any CPU.ActiveCfg = Release|Any CPU
		{6EEEBF26-D2B6-4B6C-9618-19E1B529999A}.Release|Any CPU.Build.0 = Release|Any CPU
	EndGlobalSection
	GlobalSection(SolutionProperties) = preSolution
		HideSolutionNode = FALSE
	EndGlobalSection
	GlobalSection(ExtensibilityGlobals) = postSolution
		SolutionGuid = {B20CBFF2-E993-4DCC-859F-C9D33D1ED264}
	EndGlobalSection
EndGlobal
