
Microsoft Visual Studio Solution File, Format Version 12.00
# Visual Studio Version 16
VisualStudioVersion = 16.0.31727.386
MinimumVisualStudioVersion = 10.0.40219.1
Project("{FAE04EC0-301F-11D3-BF4B-00C04F79EFBC}") = "21장_EchoClient_766page", "21장_EchoClient_766page\21장_EchoClient_766page.csproj", "{195FA7BF-29B6-44B1-AFF4-9528CF77D187}"
EndProject
Global
	GlobalSection(SolutionConfigurationPlatforms) = preSolution
		Debug|Any CPU = Debug|Any CPU
		Release|Any CPU = Release|Any CPU
	EndGlobalSection
	GlobalSection(ProjectConfigurationPlatforms) = postSolution
		{195FA7BF-29B6-44B1-AFF4-9528CF77D187}.Debug|Any CPU.ActiveCfg = Debug|Any CPU
		{195FA7BF-29B6-44B1-AFF4-9528CF77D187}.Debug|Any CPU.Build.0 = Debug|Any CPU
		{195FA7BF-29B6-44B1-AFF4-9528CF77D187}.Release|Any CPU.ActiveCfg = Release|Any CPU
		{195FA7BF-29B6-44B1-AFF4-9528CF77D187}.Release|Any CPU.Build.0 = Release|Any CPU
	EndGlobalSection
	GlobalSection(SolutionProperties) = preSolution
		HideSolutionNode = FALSE
	EndGlobalSection
	GlobalSection(ExtensibilityGlobals) = postSolution
		SolutionGuid = {76E0F871-A5D4-41BE-9990-1268293AFDE7}
	EndGlobalSection
EndGlobal
